
Microsoft Visual Studio Solution File, Format Version 12.00
# Visual Studio Version 17
VisualStudioVersion = 17.1.32421.90
MinimumVisualStudioVersion = 10.0.40219.1
Project("{FAE04EC0-301F-11D3-BF4B-00C04F79EFBC}") = "CertificateGeneratorForOpenIddict", "CertificateGeneratorForOpenIddict\CertificateGeneratorForOpenIddict.csproj", "{299DE572-AF9B-4DE8-A52B-02B51B64003E}"
EndProject
Global
	GlobalSection(SolutionConfigurationPlatforms) = preSolution
		Debug|Any CPU = Debug|Any CPU
		Release|Any CPU = Release|Any CPU
	EndGlobalSection
	GlobalSection(ProjectConfigurationPlatforms) = postSolution
		{299DE572-AF9B-4DE8-A52B-02B51B64003E}.Debug|Any CPU.ActiveCfg = Debug|Any CPU
		{299DE572-AF9B-4DE8-A52B-02B51B64003E}.Debug|Any CPU.Build.0 = Debug|Any CPU
		{299DE572-AF9B-4DE8-A52B-02B51B64003E}.Release|Any CPU.ActiveCfg = Release|Any CPU
		{299DE572-AF9B-4DE8-A52B-02B51B64003E}.Release|Any CPU.Build.0 = Release|Any CPU
	EndGlobalSection
	GlobalSection(SolutionProperties) = preSolution
		HideSolutionNode = FALSE
	EndGlobalSection
	GlobalSection(ExtensibilityGlobals) = postSolution
		SolutionGuid = {555E9FD3-81F1-492A-B627-E76DD0F40626}
	EndGlobalSection
EndGlobal
